// !$*UTF8*$!
{
	archiveVersion = 1;
	classes = {
	};
	objectVersion = 50;
	objects = {

/* Begin PBXBuildFile section */
		05554F9823E3447C0001A7E7 /* AppDelegate.swift in Sources */ = {isa = PBXBuildFile; fileRef = 05554F9723E3447C0001A7E7 /* AppDelegate.swift */; };
		05554F9A23E3447C0001A7E7 /* ViewController.swift in Sources */ = {isa = PBXBuildFile; fileRef = 05554F9923E3447C0001A7E7 /* ViewController.swift */; };
		05554F9D23E3447C0001A7E7 /* Main.storyboard in Resources */ = {isa = PBXBuildFile; fileRef = 05554F9B23E3447C0001A7E7 /* Main.storyboard */; };
		05554F9F23E3447E0001A7E7 /* Assets.xcassets in Resources */ = {isa = PBXBuildFile; fileRef = 05554F9E23E3447E0001A7E7 /* Assets.xcassets */; };
		05554FA223E3447E0001A7E7 /* LaunchScreen.storyboard in Resources */ = {isa = PBXBuildFile; fileRef = 05554FA023E3447E0001A7E7 /* LaunchScreen.storyboard */; };
		05554FAD23E3447E0001A7E7 /* calculatorTests.swift in Sources */ = {isa = PBXBuildFile; fileRef = 05554FAC23E3447E0001A7E7 /* calculatorTests.swift */; };
		05554FB823E3447E0001A7E7 /* calculatorUITests.swift in Sources */ = {isa = PBXBuildFile; fileRef = 05554FB723E3447E0001A7E7 /* calculatorUITests.swift */; };
/* End PBXBuildFile section */

/* Begin PBXContainerItemProxy section */
		05554FA923E3447E0001A7E7 /* PBXContainerItemProxy */ = {
			isa = PBXContainerItemProxy;
			containerPortal = 05554F8C23E3447B0001A7E7 /* Project object */;
			proxyType = 1;
			remoteGlobalIDString = 05554F9323E3447C0001A7E7;
			remoteInfo = calculator;
		};
		05554FB423E3447E0001A7E7 /* PBXContainerItemProxy */ = {
			isa = PBXContainerItemProxy;
			containerPortal = 05554F8C23E3447B0001A7E7 /* Project object */;
			proxyType = 1;
			remoteGlobalIDString = 05554F9323E3447C0001A7E7;
			remoteInfo = calculator;
		};
/* End PBXContainerItemProxy section */

/* Begin PBXFileReference section */
		05554F9423E3447C0001A7E7 /* calculator.app */ = {isa = PBXFileReference; explicitFileType = wrapper.application; includeInIndex = 0; path = calculator.app; sourceTree = BUILT_PRODUCTS_DIR; };
		05554F9723E3447C0001A7E7 /* AppDelegate.swift */ = {isa = PBXFileReference; lastKnownFileType = sourcecode.swift; path = AppDelegate.swift; sourceTree = "<group>"; };
		05554F9923E3447C0001A7E7 /* ViewController.swift */ = {isa = PBXFileReference; lastKnownFileType = sourcecode.swift; path = ViewController.swift; sourceTree = "<group>"; };
		05554F9C23E3447C0001A7E7 /* Base */ = {isa = PBXFileReference; lastKnownFileType = file.storyboard; name = Base; path = Base.lproj/Main.storyboard; sourceTree = "<group>"; };
		05554F9E23E3447E0001A7E7 /* Assets.xcassets */ = {isa = PBXFileReference; lastKnownFileType = folder.assetcatalog; path = Assets.xcassets; sourceTree = "<group>"; };
		05554FA123E3447E0001A7E7 /* Base */ = {isa = PBXFileReference; lastKnownFileType = file.storyboard; name = Base; path = Base.lproj/LaunchScreen.storyboard; sourceTree = "<group>"; };
		05554FA323E3447E0001A7E7 /* Info.plist */ = {isa = PBXFileReference; lastKnownFileType = text.plist.xml; path = Info.plist; sourceTree = "<group>"; };
		05554FA823E3447E0001A7E7 /* calculatorTests.xctest */ = {isa = PBXFileReference; explicitFileType = wrapper.cfbundle; includeInIndex = 0; path = calculatorTests.xctest; sourceTree = BUILT_PRODUCTS_DIR; };
		05554FAC23E3447E0001A7E7 /* calculatorTests.swift */ = {isa = PBXFileReference; lastKnownFileType = sourcecode.swift; path = calculatorTests.swift; sourceTree = "<group>"; };
		05554FAE23E3447E0001A7E7 /* Info.plist */ = {isa = PBXFileReference; lastKnownFileType = text.plist.xml; path = Info.plist; sourceTree = "<group>"; };
		05554FB323E3447E0001A7E7 /* calculatorUITests.xctest */ = {isa = PBXFileReference; explicitFileType = wrapper.cfbundle; includeInIndex = 0; path = calculatorUITests.xctest; sourceTree = BUILT_PRODUCTS_DIR; };
		05554FB723E3447E0001A7E7 /* calculatorUITests.swift */ = {isa = PBXFileReference; lastKnownFileType = sourcecode.swift; path = calculatorUITests.swift; sourceTree = "<group>"; };
		05554FB923E3447E0001A7E7 /* Info.plist */ = {isa = PBXFileReference; lastKnownFileType = text.plist.xml; path = Info.plist; sourceTree = "<group>"; };
/* End PBXFileReference section */

/* Begin PBXFrameworksBuildPhase section */
		05554F9123E3447C0001A7E7 /* Frameworks */ = {
			isa = PBXFrameworksBuildPhase;
			buildActionMask = 2147483647;
			files = (
			);
			runOnlyForDeploymentPostprocessing = 0;
		};
		05554FA523E3447E0001A7E7 /* Frameworks */ = {
			isa = PBXFrameworksBuildPhase;
			buildActionMask = 2147483647;
			files = (
			);
			runOnlyForDeploymentPostprocessing = 0;
		};
		05554FB023E3447E0001A7E7 /* Frameworks */ = {
			isa = PBXFrameworksBuildPhase;
			buildActionMask = 2147483647;
			files = (
			);
			runOnlyForDeploymentPostprocessing = 0;
		};
/* End PBXFrameworksBuildPhase section */

/* Begin PBXGroup section */
		05554F8B23E3447B0001A7E7 = {
			isa = PBXGroup;
			children = (
				05554F9623E3447C0001A7E7 /* calculator */,
				05554FAB23E3447E0001A7E7 /* calculatorTests */,
				05554FB623E3447E0001A7E7 /* calculatorUITests */,
				05554F9523E3447C0001A7E7 /* Products */,
			);
			sourceTree = "<group>";
		};
		05554F9523E3447C0001A7E7 /* Products */ = {
			isa = PBXGroup;
			children = (
				05554F9423E3447C0001A7E7 /* calculator.app */,
				05554FA823E3447E0001A7E7 /* calculatorTests.xctest */,
				05554FB323E3447E0001A7E7 /* calculatorUITests.xctest */,
			);
			name = Products;
			sourceTree = "<group>";
		};
		05554F9623E3447C0001A7E7 /* calculator */ = {
			isa = PBXGroup;
			children = (
				05554F9723E3447C0001A7E7 /* AppDelegate.swift */,
				05554F9923E3447C0001A7E7 /* ViewController.swift */,
				05554F9B23E3447C0001A7E7 /* Main.storyboard */,
				05554F9E23E3447E0001A7E7 /* Assets.xcassets */,
				05554FA023E3447E0001A7E7 /* LaunchScreen.storyboard */,
				05554FA323E3447E0001A7E7 /* Info.plist */,
			);
			path = calculator;
			sourceTree = "<group>";
		};
		05554FAB23E3447E0001A7E7 /* calculatorTests */ = {
			isa = PBXGroup;
			children = (
				05554FAC23E3447E0001A7E7 /* calculatorTests.swift */,
				05554FAE23E3447E0001A7E7 /* Info.plist */,
			);
			path = calculatorTests;
			sourceTree = "<group>";
		};
		05554FB623E3447E0001A7E7 /* calculatorUITests */ = {
			isa = PBXGroup;
			children = (
				05554FB723E3447E0001A7E7 /* calculatorUITests.swift */,
				05554FB923E3447E0001A7E7 /* Info.plist */,
			);
			path = calculatorUITests;
			sourceTree = "<group>";
		};
/* End PBXGroup section */

/* Begin PBXNativeTarget section */
		05554F9323E3447C0001A7E7 /* calculator */ = {
			isa = PBXNativeTarget;
			buildConfigurationList = 05554FBC23E3447E0001A7E7 /* Build configuration list for PBXNativeTarget "calculator" */;
			buildPhases = (
				05554F9023E3447C0001A7E7 /* Sources */,
				05554F9123E3447C0001A7E7 /* Frameworks */,
				05554F9223E3447C0001A7E7 /* Resources */,
			);
			buildRules = (
			);
			dependencies = (
			);
			name = calculator;
			productName = calculator;
			productReference = 05554F9423E3447C0001A7E7 /* calculator.app */;
			productType = "com.apple.product-type.application";
		};
		05554FA723E3447E0001A7E7 /* calculatorTests */ = {
			isa = PBXNativeTarget;
			buildConfigurationList = 05554FBF23E3447E0001A7E7 /* Build configuration list for PBXNativeTarget "calculatorTests" */;
			buildPhases = (
				05554FA423E3447E0001A7E7 /* Sources */,
				05554FA523E3447E0001A7E7 /* Frameworks */,
				05554FA623E3447E0001A7E7 /* Resources */,
			);
			buildRules = (
			);
			dependencies = (
				05554FAA23E3447E0001A7E7 /* PBXTargetDependency */,
			);
			name = calculatorTests;
			productName = calculatorTests;
			productReference = 05554FA823E3447E0001A7E7 /* calculatorTests.xctest */;
			productType = "com.apple.product-type.bundle.unit-test";
		};
		05554FB223E3447E0001A7E7 /* calculatorUITests */ = {
			isa = PBXNativeTarget;
			buildConfigurationList = 05554FC223E3447E0001A7E7 /* Build configuration list for PBXNativeTarget "calculatorUITests" */;
			buildPhases = (
				05554FAF23E3447E0001A7E7 /* Sources */,
				05554FB023E3447E0001A7E7 /* Frameworks */,
				05554FB123E3447E0001A7E7 /* Resources */,
			);
			buildRules = (
			);
			dependencies = (
				05554FB523E3447E0001A7E7 /* PBXTargetDependency */,
			);
			name = calculatorUITests;
			productName = calculatorUITests;
			productReference = 05554FB323E3447E0001A7E7 /* calculatorUITests.xctest */;
			productType = "com.apple.product-type.bundle.ui-testing";
		};
/* End PBXNativeTarget section */

/* Begin PBXProject section */
		05554F8C23E3447B0001A7E7 /* Project object */ = {
			isa = PBXProject;
			attributes = {
				LastSwiftUpdateCheck = 1000;
				LastUpgradeCheck = 1000;
				ORGANIZATIONNAME = gbc;
				TargetAttributes = {
					05554F9323E3447C0001A7E7 = {
						CreatedOnToolsVersion = 10.0;
					};
					05554FA723E3447E0001A7E7 = {
						CreatedOnToolsVersion = 10.0;
						TestTargetID = 05554F9323E3447C0001A7E7;
					};
					05554FB223E3447E0001A7E7 = {
						CreatedOnToolsVersion = 10.0;
						TestTargetID = 05554F9323E3447C0001A7E7;
					};
				};
			};
			buildConfigurationList = 05554F8F23E3447B0001A7E7 /* Build configuration list for PBXProject "calculator" */;
			compatibilityVersion = "Xcode 9.3";
			developmentRegion = en;
			hasScannedForEncodings = 0;
			knownRegions = (
				en,
				Base,
			);
			mainGroup = 05554F8B23E3447B0001A7E7;
			productRefGroup = 05554F9523E3447C0001A7E7 /* Products */;
			projectDirPath = "";
			projectRoot = "";
			targets = (
				05554F9323E3447C0001A7E7 /* calculator */,
				05554FA723E3447E0001A7E7 /* calculatorTests */,
				05554FB223E3447E0001A7E7 /* calculatorUITests */,
			);
		};
/* End PBXProject section */

/* Begin PBXResourcesBuildPhase section */
		05554F9223E3447C0001A7E7 /* Resources */ = {
			isa = PBXResourcesBuildPhase;
			buildActionMask = 2147483647;
			files = (
				05554FA223E3447E0001A7E7 /* LaunchScreen.storyboard in Resources */,
				05554F9F23E3447E0001A7E7 /* Assets.xcassets in Resources */,
				05554F9D23E3447C0001A7E7 /* Main.storyboard in Resources */,
			);
			runOnlyForDeploymentPostprocessing = 0;
		};
		05554FA623E3447E0001A7E7 /* Resources */ = {
			isa = PBXResourcesBuildPhase;
			buildActionMask = 2147483647;
			files = (
			);
			runOnlyForDeploymentPostprocessing = 0;
		};
		05554FB123E3447E0001A7E7 /* Resources */ = {
			isa = PBXResourcesBuildPhase;
			buildActionMask = 2147483647;
			files = (
			);
			runOnlyForDeploymentPostprocessing = 0;
		};
/* End PBXResourcesBuildPhase section */

/* Begin PBXSourcesBuildPhase section */
		05554F9023E3447C0001A7E7 /* Sources */ = {
			isa = PBXSourcesBuildPhase;
			buildActionMask = 2147483647;
			files = (
				05554F9A23E3447C0001A7E7 /* ViewController.swift in Sources */,
				05554F9823E3447C0001A7E7 /* AppDelegate.swift in Sources */,
			);
			runOnlyForDeploymentPostprocessing = 0;
		};
		05554FA423E3447E0001A7E7 /* Sources */ = {
			isa = PBXSourcesBuildPhase;
			buildActionMask = 2147483647;
			files = (
				05554FAD23E3447E0001A7E7 /* calculatorTests.swift in Sources */,
			);
			runOnlyForDeploymentPostprocessing = 0;
		};
		05554FAF23E3447E0001A7E7 /* Sources */ = {
			isa = PBXSourcesBuildPhase;
			buildActionMask = 2147483647;
			files = (
				05554FB823E3447E0001A7E7 /* calculatorUITests.swift in Sources */,
			);
			runOnlyForDeploymentPostprocessing = 0;
		};
/* End PBXSourcesBuildPhase section */

/* Begin PBXTargetDependency section */
		05554FAA23E3447E0001A7E7 /* PBXTargetDependency */ = {
			isa = PBXTargetDependency;
			target = 05554F9323E3447C0001A7E7 /* calculator */;
			targetProxy = 05554FA923E3447E0001A7E7 /* PBXContainerItemProxy */;
		};
		05554FB523E3447E0001A7E7 /* PBXTargetDependency */ = {
			isa = PBXTargetDependency;
			target = 05554F9323E3447C0001A7E7 /* calculator */;
			targetProxy = 05554FB423E3447E0001A7E7 /* PBXContainerItemProxy */;
		};
/* End PBXTargetDependency section */

/* Begin PBXVariantGroup section */
		05554F9B23E3447C0001A7E7 /* Main.storyboard */ = {
			isa = PBXVariantGroup;
			children = (
				05554F9C23E3447C0001A7E7 /* Base */,
			);
			name = Main.storyboard;
			sourceTree = "<group>";
		};
		05554FA023E3447E0001A7E7 /* LaunchScreen.storyboard */ = {
			isa = PBXVariantGroup;
			children = (
				05554FA123E3447E0001A7E7 /* Base */,
			);
			name = LaunchScreen.storyboard;
			sourceTree = "<group>";
		};
/* End PBXVariantGroup section */

/* Begin XCBuildConfiguration section */
		05554FBA23E3447E0001A7E7 /* Debug */ = {
			isa = XCBuildConfiguration;
			buildSettings = {
				ALWAYS_SEARCH_USER_PATHS = NO;
				CLANG_ANALYZER_NONNULL = YES;
				CLANG_ANALYZER_NUMBER_OBJECT_CONVERSION = YES_AGGRESSIVE;
				CLANG_CXX_LANGUAGE_STANDARD = "gnu++14";
				CLANG_CXX_LIBRARY = "libc++";
				CLANG_ENABLE_MODULES = YES;
				CLANG_ENABLE_OBJC_ARC = YES;
				CLANG_ENABLE_OBJC_WEAK = YES;
				CLANG_WARN_BLOCK_CAPTURE_AUTORELEASING = YES;
				CLANG_WARN_BOOL_CONVERSION = YES;
				CLANG_WARN_COMMA = YES;
				CLANG_WARN_CONSTANT_CONVERSION = YES;
				CLANG_WARN_DEPRECATED_OBJC_IMPLEMENTATIONS = YES;
				CLANG_WARN_DIRECT_OBJC_ISA_USAGE = YES_ERROR;
				CLANG_WARN_DOCUMENTATION_COMMENTS = YES;
				CLANG_WARN_EMPTY_BODY = YES;
				CLANG_WARN_ENUM_CONVERSION = YES;
				CLANG_WARN_INFINITE_RECURSION = YES;
				CLANG_WARN_INT_CONVERSION = YES;
				CLANG_WARN_NON_LITERAL_NULL_CONVERSION = YES;
				CLANG_WARN_OBJC_IMPLICIT_RETAIN_SELF = YES;
				CLANG_WARN_OBJC_LITERAL_CONVERSION = YES;
				CLANG_WARN_OBJC_ROOT_CLASS = YES_ERROR;
				CLANG_WARN_RANGE_LOOP_ANALYSIS = YES;
				CLANG_WARN_STRICT_PROTOTYPES = YES;
				CLANG_WARN_SUSPICIOUS_MOVE = YES;
				CLANG_WARN_UNGUARDED_AVAILABILITY = YES_AGGRESSIVE;
				CLANG_WARN_UNREACHABLE_CODE = YES;
				CLANG_WARN__DUPLICATE_METHOD_MATCH = YES;
				CODE_SIGN_IDENTITY = "iPhone Developer";
				COPY_PHASE_STRIP = NO;
				DEBUG_INFORMATION_FORMAT = dwarf;
				ENABLE_STRICT_OBJC_MSGSEND = YES;
				ENABLE_TESTABILITY = YES;
				GCC_C_LANGUAGE_STANDARD = gnu11;
				GCC_DYNAMIC_NO_PIC = NO;
				GCC_NO_COMMON_BLOCKS = YES;
				GCC_OPTIMIZATION_LEVEL = 0;
				GCC_PREPROCESSOR_DEFINITIONS = (
					"DEBUG=1",
					"$(inherited)",
				);
				GCC_WARN_64_TO_32_BIT_CONVERSION = YES;
				GCC_WARN_ABOUT_RETURN_TYPE = YES_ERROR;
				GCC_WARN_UNDECLARED_SELECTOR = YES;
				GCC_WARN_UNINITIALIZED_AUTOS = YES_AGGRESSIVE;
				GCC_WARN_UNUSED_FUNCTION = YES;
				GCC_WARN_UNUSED_VARIABLE = YES;
				IPHONEOS_DEPLOYMENT_TARGET = 12.0;
				MTL_ENABLE_DEBUG_INFO = INCLUDE_SOURCE;
				MTL_FAST_MATH = YES;
				ONLY_ACTIVE_ARCH = YES;
				SDKROOT = iphoneos;
				SWIFT_ACTIVE_COMPILATION_CONDITIONS = DEBUG;
				SWIFT_OPTIMIZATION_LEVEL = "-Onone";
			};
			name = Debug;
		};
		05554FBB23E3447E0001A7E7 /* Release */ = {
			isa = XCBuildConfiguration;
			buildSettings = {
				ALWAYS_SEARCH_USER_PATHS = NO;
				CLANG_ANALYZER_NONNULL = YES;
				CLANG_ANALYZER_NUMBER_OBJECT_CONVERSION = YES_AGGRESSIVE;
				CLANG_CXX_LANGUAGE_STANDARD = "gnu++14";
				CLANG_CXX_LIBRARY = "libc++";
				CLANG_ENABLE_MODULES = YES;
				CLANG_ENABLE_OBJC_ARC = YES;
				CLANG_ENABLE_OBJC_WEAK = YES;
				CLANG_WARN_BLOCK_CAPTURE_AUTORELEASING = YES;
				CLANG_WARN_BOOL_CONVERSION = YES;
				CLANG_WARN_COMMA = YES;
				CLANG_WARN_CONSTANT_CONVERSION = YES;
				CLANG_WARN_DEPRECATED_OBJC_IMPLEMENTATIONS = YES;
				CLANG_WARN_DIRECT_OBJC_ISA_USAGE = YES_ERROR;
				CLANG_WARN_DOCUMENTATION_COMMENTS = YES;
				CLANG_WARN_EMPTY_BODY = YES;
				CLANG_WARN_ENUM_CONVERSION = YES;
				CLANG_WARN_INFINITE_RECURSION = YES;
				CLANG_WARN_INT_CONVERSION = YES;
				CLANG_WARN_NON_LITERAL_NULL_CONVERSION = YES;
				CLANG_WARN_OBJC_IMPLICIT_RETAIN_SELF = YES;
				CLANG_WARN_OBJC_LITERAL_CONVERSION = YES;
				CLANG_WARN_OBJC_ROOT_CLASS = YES_ERROR;
				CLANG_WARN_RANGE_LOOP_ANALYSIS = YES;
				CLANG_WARN_STRICT_PROTOTYPES = YES;
				CLANG_WARN_SUSPICIOUS_MOVE = YES;
				CLANG_WARN_UNGUARDED_AVAILABILITY = YES_AGGRESSIVE;
				CLANG_WARN_UNREACHABLE_CODE = YES;
				CLANG_WARN__DUPLICATE_METHOD_MATCH = YES;
				CODE_SIGN_IDENTITY = "iPhone Developer";
				COPY_PHASE_STRIP = NO;
				DEBUG_INFORMATION_FORMAT = "dwarf-with-dsym";
				ENABLE_NS_ASSERTIONS = NO;
				ENABLE_STRICT_OBJC_MSGSEND = YES;
				GCC_C_LANGUAGE_STANDARD = gnu11;
				GCC_NO_COMMON_BLOCKS = YES;
				GCC_WARN_64_TO_32_BIT_CONVERSION = YES;
				GCC_WARN_ABOUT_RETURN_TYPE = YES_ERROR;
				GCC_WARN_UNDECLARED_SELECTOR = YES;
				GCC_WARN_UNINITIALIZED_AUTOS = YES_AGGRESSIVE;
				GCC_WARN_UNUSED_FUNCTION = YES;
				GCC_WARN_UNUSED_VARIABLE = YES;
				IPHONEOS_DEPLOYMENT_TARGET = 12.0;
				MTL_ENABLE_DEBUG_INFO = NO;
				MTL_FAST_MATH = YES;
				SDKROOT = iphoneos;
				SWIFT_COMPILATION_MODE = wholemodule;
				SWIFT_OPTIMIZATION_LEVEL = "-O";
				VALIDATE_PRODUCT = YES;
			};
			name = Release;
		};
		05554FBD23E3447E0001A7E7 /* Debug */ = {
			isa = XCBuildConfiguration;
			buildSettings = {
				ASSETCATALOG_COMPILER_APPICON_NAME = AppIcon;
				CODE_SIGN_STYLE = Automatic;
				INFOPLIST_FILE = calculator/Info.plist;
				LD_RUNPATH_SEARCH_PATHS = (
					"$(inherited)",
					"@executable_path/Frameworks",
				);
				PRODUCT_BUNDLE_IDENTIFIER = com.gbc.calculator;
				PRODUCT_NAME = "$(TARGET_NAME)";
				SWIFT_VERSION = 4.2;
				TARGETED_DEVICE_FAMILY = "1,2";
			};
			name = Debug;
		};
		05554FBE23E3447E0001A7E7 /* Release */ = {
			isa = XCBuildConfiguration;
			buildSettings = {
				ASSETCATALOG_COMPILER_APPICON_NAME = AppIcon;
				CODE_SIGN_STYLE = Automatic;
				INFOPLIST_FILE = calculator/Info.plist;
				LD_RUNPATH_SEARCH_PATHS = (
					"$(inherited)",
					"@executable_path/Frameworks",
				);
				PRODUCT_BUNDLE_IDENTIFIER = com.gbc.calculator;
				PRODUCT_NAME = "$(TARGET_NAME)";
				SWIFT_VERSION = 4.2;
				TARGETED_DEVICE_FAMILY = "1,2";
			};
			name = Release;
		};
		05554FC023E3447E0001A7E7 /* Debug */ = {
			isa = XCBuildConfiguration;
			buildSettings = {
				ALWAYS_EMBED_SWIFT_STANDARD_LIBRARIES = YES;
				BUNDLE_LOADER = "$(TEST_HOST)";
				CODE_SIGN_STYLE = Automatic;
				INFOPLIST_FILE = calculatorTests/Info.plist;
				LD_RUNPATH_SEARCH_PATHS = (
					"$(inherited)",
					"@executable_path/Frameworks",
					"@loader_path/Frameworks",
				);
				PRODUCT_BUNDLE_IDENTIFIER = com.gbc.calculatorTests;
				PRODUCT_NAME = "$(TARGET_NAME)";
				SWIFT_VERSION = 4.2;
				TARGETED_DEVICE_FAMILY = "1,2";
				TEST_HOST = "$(BUILT_PRODUCTS_DIR)/calculator.app/calculator";
			};
			name = Debug;
		};
		05554FC123E3447E0001A7E7 /* Release */ = {
			isa = XCBuildConfiguration;
			buildSettings = {
				ALWAYS_EMBED_SWIFT_STANDARD_LIBRARIES = YES;
				BUNDLE_LOADER = "$(TEST_HOST)";
				CODE_SIGN_STYLE = Automatic;
				INFOPLIST_FILE = calculatorTests/Info.plist;
				LD_RUNPATH_SEARCH_PATHS = (
					"$(inherited)",
					"@executable_path/Frameworks",
					"@loader_path/Frameworks",
				);
				PRODUCT_BUNDLE_IDENTIFIER = com.gbc.calculatorTests;
				PRODUCT_NAME = "$(TARGET_NAME)";
				SWIFT_VERSION = 4.2;
				TARGETED_DEVICE_FAMILY = "1,2";
				TEST_HOST = "$(BUILT_PRODUCTS_DIR)/calculator.app/calculator";
			};
			name = Release;
		};
		05554FC323E3447E0001A7E7 /* Debug */ = {
			isa = XCBuildConfiguration;
			buildSettings = {
				ALWAYS_EMBED_SWIFT_STANDARD_LIBRARIES = YES;
				CODE_SIGN_STYLE = Automatic;
				INFOPLIST_FILE = calculatorUITests/Info.plist;
				LD_RUNPATH_SEARCH_PATHS = (
					"$(inherited)",
					"@executable_path/Frameworks",
					"@loader_path/Frameworks",
				);
				PRODUCT_BUNDLE_IDENTIFIER = com.gbc.calculatorUITests;
				PRODUCT_NAME = "$(TARGET_NAME)";
				SWIFT_VERSION = 4.2;
				TARGETED_DEVICE_FAMILY = "1,2";
				TEST_TARGET_NAME = calculator;
			};
			name = Debug;
		};
		05554FC423E3447E0001A7E7 /* Release */ = {
			isa = XCBuildConfiguration;
			buildSettings = {
				ALWAYS_EMBED_SWIFT_STANDARD_LIBRARIES = YES;
				CODE_SIGN_STYLE = Automatic;
				INFOPLIST_FILE = calculatorUITests/Info.plist;
				LD_RUNPATH_SEARCH_PATHS = (
					"$(inherited)",
					"@executable_path/Frameworks",
					"@loader_path/Frameworks",
				);
				PRODUCT_BUNDLE_IDENTIFIER = com.gbc.calculatorUITests;
				PRODUCT_NAME = "$(TARGET_NAME)";
				SWIFT_VERSION = 4.2;
				TARGETED_DEVICE_FAMILY = "1,2";
				TEST_TARGET_NAME = calculator;
			};
			name = Release;
		};
/* End XCBuildConfiguration section */

/* Begin XCConfigurationList section */
		05554F8F23E3447B0001A7E7 /* Build configuration list for PBXProject "calculator" */ = {
			isa = XCConfigurationList;
			buildConfigurations = (
				05554FBA23E3447E0001A7E7 /* Debug */,
				05554FBB23E3447E0001A7E7 /* Release */,
			);
			defaultConfigurationIsVisible = 0;
			defaultConfigurationName = Release;
		};
		05554FBC23E3447E0001A7E7 /* Build configuration list for PBXNativeTarget "calculator" */ = {
			isa = XCConfigurationList;
			buildConfigurations = (
				05554FBD23E3447E0001A7E7 /* Debug */,
				05554FBE23E3447E0001A7E7 /* Release */,
			);
			defaultConfigurationIsVisible = 0;
			defaultConfigurationName = Release;
		};
		05554FBF23E3447E0001A7E7 /* Build configuration list for PBXNativeTarget "calculatorTests" */ = {
			isa = XCConfigurationList;
			buildConfigurations = (
				05554FC023E3447E0001A7E7 /* Debug */,
				05554FC123E3447E0001A7E7 /* Release */,
			);
			defaultConfigurationIsVisible = 0;
			defaultConfigurationName = Release;
		};
		05554FC223E3447E0001A7E7 /* Build configuration list for PBXNativeTarget "calculatorUITests" */ = {
			isa = XCConfigurationList;
			buildConfigurations = (
				05554FC323E3447E0001A7E7 /* Debug */,
				05554FC423E3447E0001A7E7 /* Release */,
			);
			defaultConfigurationIsVisible = 0;
			defaultConfigurationName = Release;
		};
/* End XCConfigurationList section */
	};
	rootObject = 05554F8C23E3447B0001A7E7 /* Project object */;
}
